// !$*UTF8*$!
{
	archiveVersion = 1;
	classes = {
	};
	objectVersion = 55;
	objects = {

/* Begin PBXBuildFile section */
		819D59A7272584C20023A4FF /* AppDelegate.swift in Sources */ = {isa = PBXBuildFile; fileRef = 819D59A6272584C20023A4FF /* AppDelegate.swift */; };
		819D59A9272584C20023A4FF /* SceneDelegate.swift in Sources */ = {isa = PBXBuildFile; fileRef = 819D59A8272584C20023A4FF /* SceneDelegate.swift */; };
		819D59AB272584C20023A4FF /* ViewController.swift in Sources */ = {isa = PBXBuildFile; fileRef = 819D59AA272584C20023A4FF /* ViewController.swift */; };
		819D59AE272584C20023A4FF /* Main.storyboard in Resources */ = {isa = PBXBuildFile; fileRef = 819D59AC272584C20023A4FF /* Main.storyboard */; };
		819D59B0272584C70023A4FF /* Assets.xcassets in Resources */ = {isa = PBXBuildFile; fileRef = 819D59AF272584C70023A4FF /* Assets.xcassets */; };
		819D59B3272584C70023A4FF /* LaunchScreen.storyboard in Resources */ = {isa = PBXBuildFile; fileRef = 819D59B1272584C70023A4FF /* LaunchScreen.storyboard */; };
		819D59BE272584C70023A4FF /* Show_My_Luck_Show_My_Luck_Show_My_Luck__Show_My_LuckTests.swift in Sources */ = {isa = PBXBuildFile; fileRef = 819D59BD272584C70023A4FF /* Show_My_Luck_Show_My_Luck_Show_My_Luck__Show_My_LuckTests.swift */; };
		819D59C8272584C70023A4FF /* Show_My_Luck_Show_My_Luck_Show_My_Luck__Show_My_LuckUITests.swift in Sources */ = {isa = PBXBuildFile; fileRef = 819D59C7272584C70023A4FF /* Show_My_Luck_Show_My_Luck_Show_My_Luck__Show_My_LuckUITests.swift */; };
		819D59CA272584C70023A4FF /* Show_My_Luck_Show_My_Luck_Show_My_Luck__Show_My_LuckUITestsLaunchTests.swift in Sources */ = {isa = PBXBuildFile; fileRef = 819D59C9272584C70023A4FF /* Show_My_Luck_Show_My_Luck_Show_My_Luck__Show_My_LuckUITestsLaunchTests.swift */; };
/* End PBXBuildFile section */

/* Begin PBXContainerItemProxy section */
		819D59BA272584C70023A4FF /* PBXContainerItemProxy */ = {
			isa = PBXContainerItemProxy;
			containerPortal = 819D599B272584C20023A4FF /* Project object */;
			proxyType = 1;
			remoteGlobalIDString = 819D59A2272584C20023A4FF;
			remoteInfo = "Show My Luck Show My Luck Show My Luck  Show My Luck";
		};
		819D59C4272584C70023A4FF /* PBXContainerItemProxy */ = {
			isa = PBXContainerItemProxy;
			containerPortal = 819D599B272584C20023A4FF /* Project object */;
			proxyType = 1;
			remoteGlobalIDString = 819D59A2272584C20023A4FF;
			remoteInfo = "Show My Luck Show My Luck Show My Luck  Show My Luck";
		};
/* End PBXContainerItemProxy section */

/* Begin PBXFileReference section */
		819D59A3272584C20023A4FF /* Show My Luck Show My Luck Show My Luck  Show My Luck.app */ = {isa = PBXFileReference; explicitFileType = wrapper.application; includeInIndex = 0; path = "Show My Luck Show My Luck Show My Luck  Show My Luck.app"; sourceTree = BUILT_PRODUCTS_DIR; };
		819D59A6272584C20023A4FF /* AppDelegate.swift */ = {isa = PBXFileReference; lastKnownFileType = sourcecode.swift; path = AppDelegate.swift; sourceTree = "<group>"; };
		819D59A8272584C20023A4FF /* SceneDelegate.swift */ = {isa = PBXFileReference; lastKnownFileType = sourcecode.swift; path = SceneDelegate.swift; sourceTree = "<group>"; };
		819D59AA272584C20023A4FF /* ViewController.swift */ = {isa = PBXFileReference; lastKnownFileType = sourcecode.swift; path = ViewController.swift; sourceTree = "<group>"; };
		819D59AD272584C20023A4FF /* Base */ = {isa = PBXFileReference; lastKnownFileType = file.storyboard; name = Base; path = Base.lproj/Main.storyboard; sourceTree = "<group>"; };
		819D59AF272584C70023A4FF /* Assets.xcassets */ = {isa = PBXFileReference; lastKnownFileType = folder.assetcatalog; path = Assets.xcassets; sourceTree = "<group>"; };
		819D59B2272584C70023A4FF /* Base */ = {isa = PBXFileReference; lastKnownFileType = file.storyboard; name = Base; path = Base.lproj/LaunchScreen.storyboard; sourceTree = "<group>"; };
		819D59B4272584C70023A4FF /* Info.plist */ = {isa = PBXFileReference; lastKnownFileType = text.plist.xml; path = Info.plist; sourceTree = "<group>"; };
		819D59B9272584C70023A4FF /* Show My Luck Show My Luck Show My Luck  Show My LuckTests.xctest */ = {isa = PBXFileReference; explicitFileType = wrapper.cfbundle; includeInIndex = 0; path = "Show My Luck Show My Luck Show My Luck  Show My LuckTests.xctest"; sourceTree = BUILT_PRODUCTS_DIR; };
		819D59BD272584C70023A4FF /* Show_My_Luck_Show_My_Luck_Show_My_Luck__Show_My_LuckTests.swift */ = {isa = PBXFileReference; lastKnownFileType = sourcecode.swift; path = Show_My_Luck_Show_My_Luck_Show_My_Luck__Show_My_LuckTests.swift; sourceTree = "<group>"; };
		819D59C3272584C70023A4FF /* Show My Luck Show My Luck Show My Luck  Show My LuckUITests.xctest */ = {isa = PBXFileReference; explicitFileType = wrapper.cfbundle; includeInIndex = 0; path = "Show My Luck Show My Luck Show My Luck  Show My LuckUITests.xctest"; sourceTree = BUILT_PRODUCTS_DIR; };
		819D59C7272584C70023A4FF /* Show_My_Luck_Show_My_Luck_Show_My_Luck__Show_My_LuckUITests.swift */ = {isa = PBXFileReference; lastKnownFileType = sourcecode.swift; path = Show_My_Luck_Show_My_Luck_Show_My_Luck__Show_My_LuckUITests.swift; sourceTree = "<group>"; };
		819D59C9272584C70023A4FF /* Show_My_Luck_Show_My_Luck_Show_My_Luck__Show_My_LuckUITestsLaunchTests.swift */ = {isa = PBXFileReference; lastKnownFileType = sourcecode.swift; path = Show_My_Luck_Show_My_Luck_Show_My_Luck__Show_My_LuckUITestsLaunchTests.swift; sourceTree = "<group>"; };
/* End PBXFileReference section */

/* Begin PBXFrameworksBuildPhase section */
		819D59A0272584C20023A4FF /* Frameworks */ = {
			isa = PBXFrameworksBuildPhase;
			buildActionMask = 2147483647;
			files = (
			);
			runOnlyForDeploymentPostprocessing = 0;
		};
		819D59B6272584C70023A4FF /* Frameworks */ = {
			isa = PBXFrameworksBuildPhase;
			buildActionMask = 2147483647;
			files = (
			);
			runOnlyForDeploymentPostprocessing = 0;
		};
		819D59C0272584C70023A4FF /* Frameworks */ = {
			isa = PBXFrameworksBuildPhase;
			buildActionMask = 2147483647;
			files = (
			);
			runOnlyForDeploymentPostprocessing = 0;
		};
/* End PBXFrameworksBuildPhase section */

/* Begin PBXGroup section */
		819D599A272584C20023A4FF = {
			isa = PBXGroup;
			children = (
				819D59A5272584C20023A4FF /* Show My Luck Show My Luck Show My Luck  Show My Luck */,
				819D59BC272584C70023A4FF /* Show My Luck Show My Luck Show My Luck  Show My LuckTests */,
				819D59C6272584C70023A4FF /* Show My Luck Show My Luck Show My Luck  Show My LuckUITests */,
				819D59A4272584C20023A4FF /* Products */,
			);
			sourceTree = "<group>";
		};
		819D59A4272584C20023A4FF /* Products */ = {
			isa = PBXGroup;
			children = (
				819D59A3272584C20023A4FF /* Show My Luck Show My Luck Show My Luck  Show My Luck.app */,
				819D59B9272584C70023A4FF /* Show My Luck Show My Luck Show My Luck  Show My LuckTests.xctest */,
				819D59C3272584C70023A4FF /* Show My Luck Show My Luck Show My Luck  Show My LuckUITests.xctest */,
			);
			name = Products;
			sourceTree = "<group>";
		};
		819D59A5272584C20023A4FF /* Show My Luck Show My Luck Show My Luck  Show My Luck */ = {
			isa = PBXGroup;
			children = (
				819D59A6272584C20023A4FF /* AppDelegate.swift */,
				819D59A8272584C20023A4FF /* SceneDelegate.swift */,
				819D59AA272584C20023A4FF /* ViewController.swift */,
				819D59AC272584C20023A4FF /* Main.storyboard */,
				819D59AF272584C70023A4FF /* Assets.xcassets */,
				819D59B1272584C70023A4FF /* LaunchScreen.storyboard */,
				819D59B4272584C70023A4FF /* Info.plist */,
			);
			path = "Show My Luck Show My Luck Show My Luck  Show My Luck";
			sourceTree = "<group>";
		};
		819D59BC272584C70023A4FF /* Show My Luck Show My Luck Show My Luck  Show My LuckTests */ = {
			isa = PBXGroup;
			children = (
				819D59BD272584C70023A4FF /* Show_My_Luck_Show_My_Luck_Show_My_Luck__Show_My_LuckTests.swift */,
			);
			path = "Show My Luck Show My Luck Show My Luck  Show My LuckTests";
			sourceTree = "<group>";
		};
		819D59C6272584C70023A4FF /* Show My Luck Show My Luck Show My Luck  Show My LuckUITests */ = {
			isa = PBXGroup;
			children = (
				819D59C7272584C70023A4FF /* Show_My_Luck_Show_My_Luck_Show_My_Luck__Show_My_LuckUITests.swift */,
				819D59C9272584C70023A4FF /* Show_My_Luck_Show_My_Luck_Show_My_Luck__Show_My_LuckUITestsLaunchTests.swift */,
			);
			path = "Show My Luck Show My Luck Show My Luck  Show My LuckUITests";
			sourceTree = "<group>";
		};
/* End PBXGroup section */

/* Begin PBXNativeTarget section */
		819D59A2272584C20023A4FF /* Show My Luck Show My Luck Show My Luck  Show My Luck */ = {
			isa = PBXNativeTarget;
			buildConfigurationList = 819D59CD272584C70023A4FF /* Build configuration list for PBXNativeTarget "Show My Luck Show My Luck Show My Luck  Show My Luck" */;
			buildPhases = (
				819D599F272584C20023A4FF /* Sources */,
				819D59A0272584C20023A4FF /* Frameworks */,
				819D59A1272584C20023A4FF /* Resources */,
			);
			buildRules = (
			);
			dependencies = (
			);
			name = "Show My Luck Show My Luck Show My Luck  Show My Luck";
			productName = "Show My Luck Show My Luck Show My Luck  Show My Luck";
			productReference = 819D59A3272584C20023A4FF /* Show My Luck Show My Luck Show My Luck  Show My Luck.app */;
			productType = "com.apple.product-type.application";
		};
		819D59B8272584C70023A4FF /* Show My Luck Show My Luck Show My Luck  Show My LuckTests */ = {
			isa = PBXNativeTarget;
			buildConfigurationList = 819D59D0272584C70023A4FF /* Build configuration list for PBXNativeTarget "Show My Luck Show My Luck Show My Luck  Show My LuckTests" */;
			buildPhases = (
				819D59B5272584C70023A4FF /* Sources */,
				819D59B6272584C70023A4FF /* Frameworks */,
				819D59B7272584C70023A4FF /* Resources */,
			);
			buildRules = (
			);
			dependencies = (
				819D59BB272584C70023A4FF /* PBXTargetDependency */,
			);
			name = "Show My Luck Show My Luck Show My Luck  Show My LuckTests";
			productName = "Show My Luck Show My Luck Show My Luck  Show My LuckTests";
			productReference = 819D59B9272584C70023A4FF /* Show My Luck Show My Luck Show My Luck  Show My LuckTests.xctest */;
			productType = "com.apple.product-type.bundle.unit-test";
		};
		819D59C2272584C70023A4FF /* Show My Luck Show My Luck Show My Luck  Show My LuckUITests */ = {
			isa = PBXNativeTarget;
			buildConfigurationList = 819D59D3272584C70023A4FF /* Build configuration list for PBXNativeTarget "Show My Luck Show My Luck Show My Luck  Show My LuckUITests" */;
			buildPhases = (
				819D59BF272584C70023A4FF /* Sources */,
				819D59C0272584C70023A4FF /* Frameworks */,
				819D59C1272584C70023A4FF /* Resources */,
			);
			buildRules = (
			);
			dependencies = (
				819D59C5272584C70023A4FF /* PBXTargetDependency */,
			);
			name = "Show My Luck Show My Luck Show My Luck  Show My LuckUITests";
			productName = "Show My Luck Show My Luck Show My Luck  Show My LuckUITests";
			productReference = 819D59C3272584C70023A4FF /* Show My Luck Show My Luck Show My Luck  Show My LuckUITests.xctest */;
			productType = "com.apple.product-type.bundle.ui-testing";
		};
/* End PBXNativeTarget section */

/* Begin PBXProject section */
		819D599B272584C20023A4FF /* Project object */ = {
			isa = PBXProject;
			attributes = {
				BuildIndependentTargetsInParallel = 1;
				LastSwiftUpdateCheck = 1300;
				LastUpgradeCheck = 1300;
				TargetAttributes = {
					819D59A2272584C20023A4FF = {
						CreatedOnToolsVersion = 13.0;
					};
					819D59B8272584C70023A4FF = {
						CreatedOnToolsVersion = 13.0;
						TestTargetID = 819D59A2272584C20023A4FF;
					};
					819D59C2272584C70023A4FF = {
						CreatedOnToolsVersion = 13.0;
						TestTargetID = 819D59A2272584C20023A4FF;
					};
				};
			};
			buildConfigurationList = 819D599E272584C20023A4FF /* Build configuration list for PBXProject "Show My Luck Show My Luck Show My Luck  Show My Luck" */;
			compatibilityVersion = "Xcode 13.0";
			developmentRegion = en;
			hasScannedForEncodings = 0;
			knownRegions = (
				en,
				Base,
			);
			mainGroup = 819D599A272584C20023A4FF;
			productRefGroup = 819D59A4272584C20023A4FF /* Products */;
			projectDirPath = "";
			projectRoot = "";
			targets = (
				819D59A2272584C20023A4FF /* Show My Luck Show My Luck Show My Luck  Show My Luck */,
				819D59B8272584C70023A4FF /* Show My Luck Show My Luck Show My Luck  Show My LuckTests */,
				819D59C2272584C70023A4FF /* Show My Luck Show My Luck Show My Luck  Show My LuckUITests */,
			);
		};
/* End PBXProject section */

/* Begin PBXResourcesBuildPhase section */
		819D59A1272584C20023A4FF /* Resources */ = {
			isa = PBXResourcesBuildPhase;
			buildActionMask = 2147483647;
			files = (
				819D59B3272584C70023A4FF /* LaunchScreen.storyboard in Resources */,
				819D59B0272584C70023A4FF /* Assets.xcassets in Resources */,
				819D59AE272584C20023A4FF /* Main.storyboard in Resources */,
			);
			runOnlyForDeploymentPostprocessing = 0;
		};
		819D59B7272584C70023A4FF /* Resources */ = {
			isa = PBXResourcesBuildPhase;
			buildActionMask = 2147483647;
			files = (
			);
			runOnlyForDeploymentPostprocessing = 0;
		};
		819D59C1272584C70023A4FF /* Resources */ = {
			isa = PBXResourcesBuildPhase;
			buildActionMask = 2147483647;
			files = (
			);
			runOnlyForDeploymentPostprocessing = 0;
		};
/* End PBXResourcesBuildPhase section */

/* Begin PBXSourcesBuildPhase section */
		819D599F272584C20023A4FF /* Sources */ = {
			isa = PBXSourcesBuildPhase;
			buildActionMask = 2147483647;
			files = (
				819D59AB272584C20023A4FF /* ViewController.swift in Sources */,
				819D59A7272584C20023A4FF /* AppDelegate.swift in Sources */,
				819D59A9272584C20023A4FF /* SceneDelegate.swift in Sources */,
			);
			runOnlyForDeploymentPostprocessing = 0;
		};
		819D59B5272584C70023A4FF /* Sources */ = {
			isa = PBXSourcesBuildPhase;
			buildActionMask = 2147483647;
			files = (
				819D59BE272584C70023A4FF /* Show_My_Luck_Show_My_Luck_Show_My_Luck__Show_My_LuckTests.swift in Sources */,
			);
			runOnlyForDeploymentPostprocessing = 0;
		};
		819D59BF272584C70023A4FF /* Sources */ = {
			isa = PBXSourcesBuildPhase;
			buildActionMask = 2147483647;
			files = (
				819D59CA272584C70023A4FF /* Show_My_Luck_Show_My_Luck_Show_My_Luck__Show_My_LuckUITestsLaunchTests.swift in Sources */,
				819D59C8272584C70023A4FF /* Show_My_Luck_Show_My_Luck_Show_My_Luck__Show_My_LuckUITests.swift in Sources */,
			);
			runOnlyForDeploymentPostprocessing = 0;
		};
/* End PBXSourcesBuildPhase section */

/* Begin PBXTargetDependency section */
		819D59BB272584C70023A4FF /* PBXTargetDependency */ = {
			isa = PBXTargetDependency;
			target = 819D59A2272584C20023A4FF /* Show My Luck Show My Luck Show My Luck  Show My Luck */;
			targetProxy = 819D59BA272584C70023A4FF /* PBXContainerItemProxy */;
		};
		819D59C5272584C70023A4FF /* PBXTargetDependency */ = {
			isa = PBXTargetDependency;
			target = 819D59A2272584C20023A4FF /* Show My Luck Show My Luck Show My Luck  Show My Luck */;
			targetProxy = 819D59C4272584C70023A4FF /* PBXContainerItemProxy */;
		};
/* End PBXTargetDependency section */

/* Begin PBXVariantGroup section */
		819D59AC272584C20023A4FF /* Main.storyboard */ = {
			isa = PBXVariantGroup;
			children = (
				819D59AD272584C20023A4FF /* Base */,
			);
			name = Main.storyboard;
			sourceTree = "<group>";
		};
		819D59B1272584C70023A4FF /* LaunchScreen.storyboard */ = {
			isa = PBXVariantGroup;
			children = (
				819D59B2272584C70023A4FF /* Base */,
			);
			name = LaunchScreen.storyboard;
			sourceTree = "<group>";
		};
/* End PBXVariantGroup section */

/* Begin XCBuildConfiguration section */
		819D59CB272584C70023A4FF /* Debug */ = {
			isa = XCBuildConfiguration;
			buildSettings = {
				ALWAYS_SEARCH_USER_PATHS = NO;
				CLANG_ANALYZER_NONNULL = YES;
				CLANG_ANALYZER_NUMBER_OBJECT_CONVERSION = YES_AGGRESSIVE;
				CLANG_CXX_LANGUAGE_STANDARD = "gnu++17";
				CLANG_CXX_LIBRARY = "libc++";
				CLANG_ENABLE_MODULES = YES;
				CLANG_ENABLE_OBJC_ARC = YES;
				CLANG_ENABLE_OBJC_WEAK = YES;
				CLANG_WARN_BLOCK_CAPTURE_AUTORELEASING = YES;
				CLANG_WARN_BOOL_CONVERSION = YES;
				CLANG_WARN_COMMA = YES;
				CLANG_WARN_CONSTANT_CONVERSION = YES;
				CLANG_WARN_DEPRECATED_OBJC_IMPLEMENTATIONS = YES;
				CLANG_WARN_DIRECT_OBJC_ISA_USAGE = YES_ERROR;
				CLANG_WARN_DOCUMENTATION_COMMENTS = YES;
				CLANG_WARN_EMPTY_BODY = YES;
				CLANG_WARN_ENUM_CONVERSION = YES;
				CLANG_WARN_INFINITE_RECURSION = YES;
				CLANG_WARN_INT_CONVERSION = YES;
				CLANG_WARN_NON_LITERAL_NULL_CONVERSION = YES;
				CLANG_WARN_OBJC_IMPLICIT_RETAIN_SELF = YES;
				CLANG_WARN_OBJC_LITERAL_CONVERSION = YES;
				CLANG_WARN_OBJC_ROOT_CLASS = YES_ERROR;
				CLANG_WARN_QUOTED_INCLUDE_IN_FRAMEWORK_HEADER = YES;
				CLANG_WARN_RANGE_LOOP_ANALYSIS = YES;
				CLANG_WARN_STRICT_PROTOTYPES = YES;
				CLANG_WARN_SUSPICIOUS_MOVE = YES;
				CLANG_WARN_UNGUARDED_AVAILABILITY = YES_AGGRESSIVE;
				CLANG_WARN_UNREACHABLE_CODE = YES;
				CLANG_WARN__DUPLICATE_METHOD_MATCH = YES;
				COPY_PHASE_STRIP = NO;
				DEBUG_INFORMATION_FORMAT = dwarf;
				ENABLE_STRICT_OBJC_MSGSEND = YES;
				ENABLE_TESTABILITY = YES;
				GCC_C_LANGUAGE_STANDARD = gnu11;
				GCC_DYNAMIC_NO_PIC = NO;
				GCC_NO_COMMON_BLOCKS = YES;
				GCC_OPTIMIZATION_LEVEL = 0;
				GCC_PREPROCESSOR_DEFINITIONS = (
					"DEBUG=1",
					"$(inherited)",
				);
				GCC_WARN_64_TO_32_BIT_CONVERSION = YES;
				GCC_WARN_ABOUT_RETURN_TYPE = YES_ERROR;
				GCC_WARN_UNDECLARED_SELECTOR = YES;
				GCC_WARN_UNINITIALIZED_AUTOS = YES_AGGRESSIVE;
				GCC_WARN_UNUSED_FUNCTION = YES;
				GCC_WARN_UNUSED_VARIABLE = YES;
				IPHONEOS_DEPLOYMENT_TARGET = 15.0;
				MTL_ENABLE_DEBUG_INFO = INCLUDE_SOURCE;
				MTL_FAST_MATH = YES;
				ONLY_ACTIVE_ARCH = YES;
				SDKROOT = iphoneos;
				SWIFT_ACTIVE_COMPILATION_CONDITIONS = DEBUG;
				SWIFT_OPTIMIZATION_LEVEL = "-Onone";
			};
			name = Debug;
		};
		819D59CC272584C70023A4FF /* Release */ = {
			isa = XCBuildConfiguration;
			buildSettings = {
				ALWAYS_SEARCH_USER_PATHS = NO;
				CLANG_ANALYZER_NONNULL = YES;
				CLANG_ANALYZER_NUMBER_OBJECT_CONVERSION = YES_AGGRESSIVE;
				CLANG_CXX_LANGUAGE_STANDARD = "gnu++17";
				CLANG_CXX_LIBRARY = "libc++";
				CLANG_ENABLE_MODULES = YES;
				CLANG_ENABLE_OBJC_ARC = YES;
				CLANG_ENABLE_OBJC_WEAK = YES;
				CLANG_WARN_BLOCK_CAPTURE_AUTORELEASING = YES;
				CLANG_WARN_BOOL_CONVERSION = YES;
				CLANG_WARN_COMMA = YES;
				CLANG_WARN_CONSTANT_CONVERSION = YES;
				CLANG_WARN_DEPRECATED_OBJC_IMPLEMENTATIONS = YES;
				CLANG_WARN_DIRECT_OBJC_ISA_USAGE = YES_ERROR;
				CLANG_WARN_DOCUMENTATION_COMMENTS = YES;
				CLANG_WARN_EMPTY_BODY = YES;
				CLANG_WARN_ENUM_CONVERSION = YES;
				CLANG_WARN_INFINITE_RECURSION = YES;
				CLANG_WARN_INT_CONVERSION = YES;
				CLANG_WARN_NON_LITERAL_NULL_CONVERSION = YES;
				CLANG_WARN_OBJC_IMPLICIT_RETAIN_SELF = YES;
				CLANG_WARN_OBJC_LITERAL_CONVERSION = YES;
				CLANG_WARN_OBJC_ROOT_CLASS = YES_ERROR;
				CLANG_WARN_QUOTED_INCLUDE_IN_FRAMEWORK_HEADER = YES;
				CLANG_WARN_RANGE_LOOP_ANALYSIS = YES;
				CLANG_WARN_STRICT_PROTOTYPES = YES;
				CLANG_WARN_SUSPICIOUS_MOVE = YES;
				CLANG_WARN_UNGUARDED_AVAILABILITY = YES_AGGRESSIVE;
				CLANG_WARN_UNREACHABLE_CODE = YES;
				CLANG_WARN__DUPLICATE_METHOD_MATCH = YES;
				COPY_PHASE_STRIP = NO;
				DEBUG_INFORMATION_FORMAT = "dwarf-with-dsym";
				ENABLE_NS_ASSERTIONS = NO;
				ENABLE_STRICT_OBJC_MSGSEND = YES;
				GCC_C_LANGUAGE_STANDARD = gnu11;
				GCC_NO_COMMON_BLOCKS = YES;
				GCC_WARN_64_TO_32_BIT_CONVERSION = YES;
				GCC_WARN_ABOUT_RETURN_TYPE = YES_ERROR;
				GCC_WARN_UNDECLARED_SELECTOR = YES;
				GCC_WARN_UNINITIALIZED_AUTOS = YES_AGGRESSIVE;
				GCC_WARN_UNUSED_FUNCTION = YES;
				GCC_WARN_UNUSED_VARIABLE = YES;
				IPHONEOS_DEPLOYMENT_TARGET = 15.0;
				MTL_ENABLE_DEBUG_INFO = NO;
				MTL_FAST_MATH = YES;
				SDKROOT = iphoneos;
				SWIFT_COMPILATION_MODE = wholemodule;
				SWIFT_OPTIMIZATION_LEVEL = "-O";
				VALIDATE_PRODUCT = YES;
			};
			name = Release;
		};
		819D59CE272584C70023A4FF /* Debug */ = {
			isa = XCBuildConfiguration;
			buildSettings = {
				ASSETCATALOG_COMPILER_APPICON_NAME = AppIcon;
				ASSETCATALOG_COMPILER_GLOBAL_ACCENT_COLOR_NAME = AccentColor;
				CODE_SIGN_STYLE = Automatic;
				CURRENT_PROJECT_VERSION = 1;
				GENERATE_INFOPLIST_FILE = YES;
				INFOPLIST_FILE = "Show My Luck Show My Luck Show My Luck  Show My Luck/Info.plist";
				INFOPLIST_KEY_UIApplicationSupportsIndirectInputEvents = YES;
				INFOPLIST_KEY_UILaunchStoryboardName = LaunchScreen;
				INFOPLIST_KEY_UIMainStoryboardFile = Main;
				INFOPLIST_KEY_UISupportedInterfaceOrientations_iPad = "UIInterfaceOrientationPortrait UIInterfaceOrientationPortraitUpsideDown UIInterfaceOrientationLandscapeLeft UIInterfaceOrientationLandscapeRight";
				INFOPLIST_KEY_UISupportedInterfaceOrientations_iPhone = "UIInterfaceOrientationPortrait UIInterfaceOrientationLandscapeLeft UIInterfaceOrientationLandscapeRight";
				LD_RUNPATH_SEARCH_PATHS = (
					"$(inherited)",
					"@executable_path/Frameworks",
				);
				MARKETING_VERSION = 1.0;
				PRODUCT_BUNDLE_IDENTIFIER = "com.google.Show-My-Luck-Show-My-Luck-Show-My-Luck--Show-My-Luck";
				PRODUCT_NAME = "$(TARGET_NAME)";
				SWIFT_EMIT_LOC_STRINGS = YES;
				SWIFT_VERSION = 5.0;
				TARGETED_DEVICE_FAMILY = "1,2";
			};
			name = Debug;
		};
		819D59CF272584C70023A4FF /* Release */ = {
			isa = XCBuildConfiguration;
			buildSettings = {
				ASSETCATALOG_COMPILER_APPICON_NAME = AppIcon;
				ASSETCATALOG_COMPILER_GLOBAL_ACCENT_COLOR_NAME = AccentColor;
				CODE_SIGN_STYLE = Automatic;
				CURRENT_PROJECT_VERSION = 1;
				GENERATE_INFOPLIST_FILE = YES;
				INFOPLIST_FILE = "Show My Luck Show My Luck Show My Luck  Show My Luck/Info.plist";
				INFOPLIST_KEY_UIApplicationSupportsIndirectInputEvents = YES;
				INFOPLIST_KEY_UILaunchStoryboardName = LaunchScreen;
				INFOPLIST_KEY_UIMainStoryboardFile = Main;
				INFOPLIST_KEY_UISupportedInterfaceOrientations_iPad = "UIInterfaceOrientationPortrait UIInterfaceOrientationPortraitUpsideDown UIInterfaceOrientationLandscapeLeft UIInterfaceOrientationLandscapeRight";
				INFOPLIST_KEY_UISupportedInterfaceOrientations_iPhone = "UIInterfaceOrientationPortrait UIInterfaceOrientationLandscapeLeft UIInterfaceOrientationLandscapeRight";
				LD_RUNPATH_SEARCH_PATHS = (
					"$(inherited)",
					"@executable_path/Frameworks",
				);
				MARKETING_VERSION = 1.0;
				PRODUCT_BUNDLE_IDENTIFIER = "com.google.Show-My-Luck-Show-My-Luck-Show-My-Luck--Show-My-Luck";
				PRODUCT_NAME = "$(TARGET_NAME)";
				SWIFT_EMIT_LOC_STRINGS = YES;
				SWIFT_VERSION = 5.0;
				TARGETED_DEVICE_FAMILY = "1,2";
			};
			name = Release;
		};
		819D59D1272584C70023A4FF /* Debug */ = {
			isa = XCBuildConfiguration;
			buildSettings = {
				ALWAYS_EMBED_SWIFT_STANDARD_LIBRARIES = YES;
				BUNDLE_LOADER = "$(TEST_HOST)";
				CODE_SIGN_STYLE = Automatic;
				CURRENT_PROJECT_VERSION = 1;
				GENERATE_INFOPLIST_FILE = YES;
				IPHONEOS_DEPLOYMENT_TARGET = 15.0;
				LD_RUNPATH_SEARCH_PATHS = (
					"$(inherited)",
					"@executable_path/Frameworks",
					"@loader_path/Frameworks",
				);
				MARKETING_VERSION = 1.0;
				PRODUCT_BUNDLE_IDENTIFIER = "com.google.Show-My-Luck-Show-My-Luck-Show-My-Luck--Show-My-LuckTests";
				PRODUCT_NAME = "$(TARGET_NAME)";
				SWIFT_EMIT_LOC_STRINGS = NO;
				SWIFT_VERSION = 5.0;
				TARGETED_DEVICE_FAMILY = "1,2";
				TEST_HOST = "$(BUILT_PRODUCTS_DIR)/Show My Luck Show My Luck Show My Luck  Show My Luck.app/Show My Luck Show My Luck Show My Luck  Show My Luck";
			};
			name = Debug;
		};
		819D59D2272584C70023A4FF /* Release */ = {
			isa = XCBuildConfiguration;
			buildSettings = {
				ALWAYS_EMBED_SWIFT_STANDARD_LIBRARIES = YES;
				BUNDLE_LOADER = "$(TEST_HOST)";
				CODE_SIGN_STYLE = Automatic;
				CURRENT_PROJECT_VERSION = 1;
				GENERATE_INFOPLIST_FILE = YES;
				IPHONEOS_DEPLOYMENT_TARGET = 15.0;
				LD_RUNPATH_SEARCH_PATHS = (
					"$(inherited)",
					"@executable_path/Frameworks",
					"@loader_path/Frameworks",
				);
				MARKETING_VERSION = 1.0;
				PRODUCT_BUNDLE_IDENTIFIER = "com.google.Show-My-Luck-Show-My-Luck-Show-My-Luck--Show-My-LuckTests";
				PRODUCT_NAME = "$(TARGET_NAME)";
				SWIFT_EMIT_LOC_STRINGS = NO;
				SWIFT_VERSION = 5.0;
				TARGETED_DEVICE_FAMILY = "1,2";
				TEST_HOST = "$(BUILT_PRODUCTS_DIR)/Show My Luck Show My Luck Show My Luck  Show My Luck.app/Show My Luck Show My Luck Show My Luck  Show My Luck";
			};
			name = Release;
		};
		819D59D4272584C70023A4FF /* Debug */ = {
			isa = XCBuildConfiguration;
			buildSettings = {
				ALWAYS_EMBED_SWIFT_STANDARD_LIBRARIES = YES;
				CODE_SIGN_STYLE = Automatic;
				CURRENT_PROJECT_VERSION = 1;
				GENERATE_INFOPLIST_FILE = YES;
				LD_RUNPATH_SEARCH_PATHS = (
					"$(inherited)",
					"@executable_path/Frameworks",
					"@loader_path/Frameworks",
				);
				MARKETING_VERSION = 1.0;
				PRODUCT_BUNDLE_IDENTIFIER = "com.google.Show-My-Luck-Show-My-Luck-Show-My-Luck--Show-My-LuckUITests";
				PRODUCT_NAME = "$(TARGET_NAME)";
				SWIFT_EMIT_LOC_STRINGS = NO;
				SWIFT_VERSION = 5.0;
				TARGETED_DEVICE_FAMILY = "1,2";
				TEST_TARGET_NAME = "Show My Luck Show My Luck Show My Luck  Show My Luck";
			};
			name = Debug;
		};
		819D59D5272584C70023A4FF /* Release */ = {
			isa = XCBuildConfiguration;
			buildSettings = {
				ALWAYS_EMBED_SWIFT_STANDARD_LIBRARIES = YES;
				CODE_SIGN_STYLE = Automatic;
				CURRENT_PROJECT_VERSION = 1;
				GENERATE_INFOPLIST_FILE = YES;
				LD_RUNPATH_SEARCH_PATHS = (
					"$(inherited)",
					"@executable_path/Frameworks",
					"@loader_path/Frameworks",
				);
				MARKETING_VERSION = 1.0;
				PRODUCT_BUNDLE_IDENTIFIER = "com.google.Show-My-Luck-Show-My-Luck-Show-My-Luck--Show-My-LuckUITests";
				PRODUCT_NAME = "$(TARGET_NAME)";
				SWIFT_EMIT_LOC_STRINGS = NO;
				SWIFT_VERSION = 5.0;
				TARGETED_DEVICE_FAMILY = "1,2";
				TEST_TARGET_NAME = "Show My Luck Show My Luck Show My Luck  Show My Luck";
			};
			name = Release;
		};
/* End XCBuildConfiguration section */

/* Begin XCConfigurationList section */
		819D599E272584C20023A4FF /* Build configuration list for PBXProject "Show My Luck Show My Luck Show My Luck  Show My Luck" */ = {
			isa = XCConfigurationList;
			buildConfigurations = (
				819D59CB272584C70023A4FF /* Debug */,
				819D59CC272584C70023A4FF /* Release */,
			);
			defaultConfigurationIsVisible = 0;
			defaultConfigurationName = Release;
		};
		819D59CD272584C70023A4FF /* Build configuration list for PBXNativeTarget "Show My Luck Show My Luck Show My Luck  Show My Luck" */ = {
			isa = XCConfigurationList;
			buildConfigurations = (
				819D59CE272584C70023A4FF /* Debug */,
				819D59CF272584C70023A4FF /* Release */,
			);
			defaultConfigurationIsVisible = 0;
			defaultConfigurationName = Release;
		};
		819D59D0272584C70023A4FF /* Build configuration list for PBXNativeTarget "Show My Luck Show My Luck Show My Luck  Show My LuckTests" */ = {
			isa = XCConfigurationList;
			buildConfigurations = (
				819D59D1272584C70023A4FF /* Debug */,
				819D59D2272584C70023A4FF /* Release */,
			);
			defaultConfigurationIsVisible = 0;
			defaultConfigurationName = Release;
		};
		819D59D3272584C70023A4FF /* Build configuration list for PBXNativeTarget "Show My Luck Show My Luck Show My Luck  Show My LuckUITests" */ = {
			isa = XCConfigurationList;
			buildConfigurations = (
				819D59D4272584C70023A4FF /* Debug */,
				819D59D5272584C70023A4FF /* Release */,
			);
			defaultConfigurationIsVisible = 0;
			defaultConfigurationName = Release;
		};
/* End XCConfigurationList section */
	};
	rootObject = 819D599B272584C20023A4FF /* Project object */;
}
